
Microsoft Visual Studio Solution File, Format Version 12.00
# Visual Studio 15
VisualStudioVersion = 15.0.28307.329
MinimumVisualStudioVersion = 10.0.40219.1
Project("{F14B399A-7131-4C87-9E4B-1186C45EF12D}") = "SSIS Catalog Reports", "SSIS Catalog Reports\SSIS Catalog Reports.rptproj", "{D87DD7DC-DA69-46AC-87A1-EC5ECA9568C3}"
EndProject
Global
	GlobalSection(SolutionConfigurationPlatforms) = preSolution
		Debug|Default = Debug|Default
		DebugLocal|Default = DebugLocal|Default
		Release|Default = Release|Default
	EndGlobalSection
	GlobalSection(ProjectConfigurationPlatforms) = postSolution
		{D87DD7DC-DA69-46AC-87A1-EC5ECA9568C3}.Debug|Default.ActiveCfg = Debug
		{D87DD7DC-DA69-46AC-87A1-EC5ECA9568C3}.Debug|Default.Build.0 = Debug
		{D87DD7DC-DA69-46AC-87A1-EC5ECA9568C3}.Debug|Default.Deploy.0 = Debug
		{D87DD7DC-DA69-46AC-87A1-EC5ECA9568C3}.DebugLocal|Default.ActiveCfg = DebugLocal
		{D87DD7DC-DA69-46AC-87A1-EC5ECA9568C3}.DebugLocal|Default.Build.0 = DebugLocal
		{D87DD7DC-DA69-46AC-87A1-EC5ECA9568C3}.Release|Default.ActiveCfg = Release
		{D87DD7DC-DA69-46AC-87A1-EC5ECA9568C3}.Release|Default.Build.0 = Release
		{D87DD7DC-DA69-46AC-87A1-EC5ECA9568C3}.Release|Default.Deploy.0 = Release
	EndGlobalSection
	GlobalSection(SolutionProperties) = preSolution
		HideSolutionNode = FALSE
	EndGlobalSection
	GlobalSection(ExtensibilityGlobals) = postSolution
		SolutionGuid = {D7466DC3-F5F0-4049-B024-3FE69D236796}
	EndGlobalSection
EndGlobal
